// !$*UTF8*$!
{
	archiveVersion = 1;
	classes = {
	};
	objectVersion = 56;
	objects = {

/* Begin PBXBuildFile section */
		547D8AC12BFE19DD00F3CDF5 /* AspectVGrid.swift in Sources */ = {isa = PBXBuildFile; fileRef = 547D8AC02BFE19DD00F3CDF5 /* AspectVGrid.swift */; };
		547D8AC32BFE293E00F3CDF5 /* CardView.swift in Sources */ = {isa = PBXBuildFile; fileRef = 547D8AC22BFE293E00F3CDF5 /* CardView.swift */; };
		547D8AE82BFFA72500F3CDF5 /* Pie.swift in Sources */ = {isa = PBXBuildFile; fileRef = 547D8AE72BFFA72500F3CDF5 /* Pie.swift */; };
		547D8AEA2BFFBCA900F3CDF5 /* Cardify.swift in Sources */ = {isa = PBXBuildFile; fileRef = 547D8AE92BFFBCA900F3CDF5 /* Cardify.swift */; };
		547D8AEF2C00BF6600F3CDF5 /* FlyingNumber.swift in Sources */ = {isa = PBXBuildFile; fileRef = 547D8AEE2C00BF6600F3CDF5 /* FlyingNumber.swift */; };
		54C7C8B12BEE439E001897EE /* MemorizeGame.swift in Sources */ = {isa = PBXBuildFile; fileRef = 54C7C8B02BEE439E001897EE /* MemorizeGame.swift */; };
		54C7C8B32BEE449F001897EE /* EmojiMemorizeGame.swift in Sources */ = {isa = PBXBuildFile; fileRef = 54C7C8B22BEE449F001897EE /* EmojiMemorizeGame.swift */; };
		54CA95422BE040B700E8C788 /* MemorizeApp.swift in Sources */ = {isa = PBXBuildFile; fileRef = 54CA95412BE040B700E8C788 /* MemorizeApp.swift */; };
		54CA95442BE040B700E8C788 /* EmojiMemorizeGameView.swift in Sources */ = {isa = PBXBuildFile; fileRef = 54CA95432BE040B700E8C788 /* EmojiMemorizeGameView.swift */; };
		54CA95462BE040B900E8C788 /* Assets.xcassets in Resources */ = {isa = PBXBuildFile; fileRef = 54CA95452BE040B900E8C788 /* Assets.xcassets */; };
		54CA95492BE040B900E8C788 /* Preview Assets.xcassets in Resources */ = {isa = PBXBuildFile; fileRef = 54CA95482BE040B900E8C788 /* Preview Assets.xcassets */; };
		54CCF1172BFD2B1800FB148A /* Logging.swift in Sources */ = {isa = PBXBuildFile; fileRef = 54CCF1162BFD2B1800FB148A /* Logging.swift */; };
		54CCF1192BFDD44D00FB148A /* ThemeManager.swift in Sources */ = {isa = PBXBuildFile; fileRef = 54CCF1182BFDD44D00FB148A /* ThemeManager.swift */; };
/* End PBXBuildFile section */

/* Begin PBXFileReference section */
		547D8AC02BFE19DD00F3CDF5 /* AspectVGrid.swift */ = {isa = PBXFileReference; lastKnownFileType = sourcecode.swift; path = AspectVGrid.swift; sourceTree = "<group>"; };
		547D8AC22BFE293E00F3CDF5 /* CardView.swift */ = {isa = PBXFileReference; lastKnownFileType = sourcecode.swift; path = CardView.swift; sourceTree = "<group>"; };
		547D8AE72BFFA72500F3CDF5 /* Pie.swift */ = {isa = PBXFileReference; lastKnownFileType = sourcecode.swift; path = Pie.swift; sourceTree = "<group>"; };
		547D8AE92BFFBCA900F3CDF5 /* Cardify.swift */ = {isa = PBXFileReference; lastKnownFileType = sourcecode.swift; path = Cardify.swift; sourceTree = "<group>"; };
		547D8AEE2C00BF6600F3CDF5 /* FlyingNumber.swift */ = {isa = PBXFileReference; lastKnownFileType = sourcecode.swift; path = FlyingNumber.swift; sourceTree = "<group>"; };
		54C7C8B02BEE439E001897EE /* MemorizeGame.swift */ = {isa = PBXFileReference; lastKnownFileType = sourcecode.swift; path = MemorizeGame.swift; sourceTree = "<group>"; };
		54C7C8B22BEE449F001897EE /* EmojiMemorizeGame.swift */ = {isa = PBXFileReference; lastKnownFileType = sourcecode.swift; path = EmojiMemorizeGame.swift; sourceTree = "<group>"; };
		54CA953E2BE040B700E8C788 /* Memorize.app */ = {isa = PBXFileReference; explicitFileType = wrapper.application; includeInIndex = 0; path = Memorize.app; sourceTree = BUILT_PRODUCTS_DIR; };
		54CA95412BE040B700E8C788 /* MemorizeApp.swift */ = {isa = PBXFileReference; lastKnownFileType = sourcecode.swift; path = MemorizeApp.swift; sourceTree = "<group>"; };
		54CA95432BE040B700E8C788 /* EmojiMemorizeGameView.swift */ = {isa = PBXFileReference; lastKnownFileType = sourcecode.swift; path = EmojiMemorizeGameView.swift; sourceTree = "<group>"; };
		54CA95452BE040B900E8C788 /* Assets.xcassets */ = {isa = PBXFileReference; lastKnownFileType = folder.assetcatalog; path = Assets.xcassets; sourceTree = "<group>"; };
		54CA95482BE040B900E8C788 /* Preview Assets.xcassets */ = {isa = PBXFileReference; lastKnownFileType = folder.assetcatalog; path = "Preview Assets.xcassets"; sourceTree = "<group>"; };
		54CCF1162BFD2B1800FB148A /* Logging.swift */ = {isa = PBXFileReference; lastKnownFileType = sourcecode.swift; path = Logging.swift; sourceTree = "<group>"; };
		54CCF1182BFDD44D00FB148A /* ThemeManager.swift */ = {isa = PBXFileReference; lastKnownFileType = sourcecode.swift; path = ThemeManager.swift; sourceTree = "<group>"; };
/* End PBXFileReference section */

/* Begin PBXFrameworksBuildPhase section */
		54CA953B2BE040B700E8C788 /* Frameworks */ = {
			isa = PBXFrameworksBuildPhase;
			buildActionMask = 2147483647;
			files = (
			);
			runOnlyForDeploymentPostprocessing = 0;
		};
/* End PBXFrameworksBuildPhase section */

/* Begin PBXGroup section */
		547D8AEB2C00A42E00F3CDF5 /* Views */ = {
			isa = PBXGroup;
			children = (
				54CA95432BE040B700E8C788 /* EmojiMemorizeGameView.swift */,
				547D8AEE2C00BF6600F3CDF5 /* FlyingNumber.swift */,
				547D8AC22BFE293E00F3CDF5 /* CardView.swift */,
				547D8AE92BFFBCA900F3CDF5 /* Cardify.swift */,
				547D8AE72BFFA72500F3CDF5 /* Pie.swift */,
				547D8AC02BFE19DD00F3CDF5 /* AspectVGrid.swift */,
			);
			path = Views;
			sourceTree = "<group>";
		};
		547D8AEC2C00A4F300F3CDF5 /* ViewModels */ = {
			isa = PBXGroup;
			children = (
				54C7C8B22BEE449F001897EE /* EmojiMemorizeGame.swift */,
			);
			path = ViewModels;
			sourceTree = "<group>";
		};
		547D8AED2C00A50D00F3CDF5 /* Models */ = {
			isa = PBXGroup;
			children = (
				54C7C8B02BEE439E001897EE /* MemorizeGame.swift */,
			);
			path = Models;
			sourceTree = "<group>";
		};
		54CA95352BE040B700E8C788 = {
			isa = PBXGroup;
			children = (
				54CA95402BE040B700E8C788 /* Memorize */,
				54CA953F2BE040B700E8C788 /* Products */,
			);
			sourceTree = "<group>";
		};
		54CA953F2BE040B700E8C788 /* Products */ = {
			isa = PBXGroup;
			children = (
				54CA953E2BE040B700E8C788 /* Memorize.app */,
			);
			name = Products;
			sourceTree = "<group>";
		};
		54CA95402BE040B700E8C788 /* Memorize */ = {
			isa = PBXGroup;
			children = (
				54CA95412BE040B700E8C788 /* MemorizeApp.swift */,
				54CCF1182BFDD44D00FB148A /* ThemeManager.swift */,
				54CA95452BE040B900E8C788 /* Assets.xcassets */,
				547D8AED2C00A50D00F3CDF5 /* Models */,
				54CA95472BE040B900E8C788 /* Preview Content */,
				54CCF1152BFD2A8D00FB148A /* Utilities */,
				547D8AEC2C00A4F300F3CDF5 /* ViewModels */,
				547D8AEB2C00A42E00F3CDF5 /* Views */,
			);
			path = Memorize;
			sourceTree = "<group>";
		};
		54CA95472BE040B900E8C788 /* Preview Content */ = {
			isa = PBXGroup;
			children = (
				54CA95482BE040B900E8C788 /* Preview Assets.xcassets */,
			);
			path = "Preview Content";
			sourceTree = "<group>";
		};
		54CCF1152BFD2A8D00FB148A /* Utilities */ = {
			isa = PBXGroup;
			children = (
				54CCF1162BFD2B1800FB148A /* Logging.swift */,
			);
			path = Utilities;
			sourceTree = "<group>";
		};
/* End PBXGroup section */

/* Begin PBXNativeTarget section */
		54CA953D2BE040B700E8C788 /* Memorize */ = {
			isa = PBXNativeTarget;
			buildConfigurationList = 54CA954C2BE040B900E8C788 /* Build configuration list for PBXNativeTarget "Memorize" */;
			buildPhases = (
				54CA953A2BE040B700E8C788 /* Sources */,
				54CA953B2BE040B700E8C788 /* Frameworks */,
				54CA953C2BE040B700E8C788 /* Resources */,
			);
			buildRules = (
			);
			dependencies = (
			);
			name = Memorize;
			productName = Memorize;
			productReference = 54CA953E2BE040B700E8C788 /* Memorize.app */;
			productType = "com.apple.product-type.application";
		};
/* End PBXNativeTarget section */

/* Begin PBXProject section */
		54CA95362BE040B700E8C788 /* Project object */ = {
			isa = PBXProject;
			attributes = {
				BuildIndependentTargetsInParallel = 1;
				LastSwiftUpdateCheck = 1530;
				LastUpgradeCheck = 1530;
				TargetAttributes = {
					54CA953D2BE040B700E8C788 = {
						CreatedOnToolsVersion = 15.3;
					};
				};
			};
			buildConfigurationList = 54CA95392BE040B700E8C788 /* Build configuration list for PBXProject "Memorize" */;
			compatibilityVersion = "Xcode 14.0";
			developmentRegion = en;
			hasScannedForEncodings = 0;
			knownRegions = (
				en,
				Base,
			);
			mainGroup = 54CA95352BE040B700E8C788;
			productRefGroup = 54CA953F2BE040B700E8C788 /* Products */;
			projectDirPath = "";
			projectRoot = "";
			targets = (
				54CA953D2BE040B700E8C788 /* Memorize */,
			);
		};
/* End PBXProject section */

/* Begin PBXResourcesBuildPhase section */
		54CA953C2BE040B700E8C788 /* Resources */ = {
			isa = PBXResourcesBuildPhase;
			buildActionMask = 2147483647;
			files = (
				54CA95492BE040B900E8C788 /* Preview Assets.xcassets in Resources */,
				54CA95462BE040B900E8C788 /* Assets.xcassets in Resources */,
			);
			runOnlyForDeploymentPostprocessing = 0;
		};
/* End PBXResourcesBuildPhase section */

/* Begin PBXSourcesBuildPhase section */
		54CA953A2BE040B700E8C788 /* Sources */ = {
			isa = PBXSourcesBuildPhase;
			buildActionMask = 2147483647;
			files = (
				54C7C8B32BEE449F001897EE /* EmojiMemorizeGame.swift in Sources */,
				54CCF1172BFD2B1800FB148A /* Logging.swift in Sources */,
				547D8AC12BFE19DD00F3CDF5 /* AspectVGrid.swift in Sources */,
				547D8AE82BFFA72500F3CDF5 /* Pie.swift in Sources */,
				54CA95442BE040B700E8C788 /* EmojiMemorizeGameView.swift in Sources */,
				547D8AEF2C00BF6600F3CDF5 /* FlyingNumber.swift in Sources */,
				54CCF1192BFDD44D00FB148A /* ThemeManager.swift in Sources */,
				54CA95422BE040B700E8C788 /* MemorizeApp.swift in Sources */,
				547D8AC32BFE293E00F3CDF5 /* CardView.swift in Sources */,
				547D8AEA2BFFBCA900F3CDF5 /* Cardify.swift in Sources */,
				54C7C8B12BEE439E001897EE /* MemorizeGame.swift in Sources */,
			);
			runOnlyForDeploymentPostprocessing = 0;
		};
/* End PBXSourcesBuildPhase section */

/* Begin XCBuildConfiguration section */
		54CA954A2BE040B900E8C788 /* Debug */ = {
			isa = XCBuildConfiguration;
			buildSettings = {
				ALWAYS_SEARCH_USER_PATHS = NO;
				ASSETCATALOG_COMPILER_GENERATE_SWIFT_ASSET_SYMBOL_EXTENSIONS = YES;
				CLANG_ANALYZER_NONNULL = YES;
				CLANG_ANALYZER_NUMBER_OBJECT_CONVERSION = YES_AGGRESSIVE;
				CLANG_CXX_LANGUAGE_STANDARD = "gnu++20";
				CLANG_ENABLE_MODULES = YES;
				CLANG_ENABLE_OBJC_ARC = YES;
				CLANG_ENABLE_OBJC_WEAK = YES;
				CLANG_WARN_BLOCK_CAPTURE_AUTORELEASING = YES;
				CLANG_WARN_BOOL_CONVERSION = YES;
				CLANG_WARN_COMMA = YES;
				CLANG_WARN_CONSTANT_CONVERSION = YES;
				CLANG_WARN_DEPRECATED_OBJC_IMPLEMENTATIONS = YES;
				CLANG_WARN_DIRECT_OBJC_ISA_USAGE = YES_ERROR;
				CLANG_WARN_DOCUMENTATION_COMMENTS = YES;
				CLANG_WARN_EMPTY_BODY = YES;
				CLANG_WARN_ENUM_CONVERSION = YES;
				CLANG_WARN_INFINITE_RECURSION = YES;
				CLANG_WARN_INT_CONVERSION = YES;
				CLANG_WARN_NON_LITERAL_NULL_CONVERSION = YES;
				CLANG_WARN_OBJC_IMPLICIT_RETAIN_SELF = YES;
				CLANG_WARN_OBJC_LITERAL_CONVERSION = YES;
				CLANG_WARN_OBJC_ROOT_CLASS = YES_ERROR;
				CLANG_WARN_QUOTED_INCLUDE_IN_FRAMEWORK_HEADER = YES;
				CLANG_WARN_RANGE_LOOP_ANALYSIS = YES;
				CLANG_WARN_STRICT_PROTOTYPES = YES;
				CLANG_WARN_SUSPICIOUS_MOVE = YES;
				CLANG_WARN_UNGUARDED_AVAILABILITY = YES_AGGRESSIVE;
				CLANG_WARN_UNREACHABLE_CODE = YES;
				CLANG_WARN__DUPLICATE_METHOD_MATCH = YES;
				COPY_PHASE_STRIP = NO;
				DEBUG_INFORMATION_FORMAT = dwarf;
				ENABLE_STRICT_OBJC_MSGSEND = YES;
				ENABLE_TESTABILITY = YES;
				ENABLE_USER_SCRIPT_SANDBOXING = YES;
				GCC_C_LANGUAGE_STANDARD = gnu17;
				GCC_DYNAMIC_NO_PIC = NO;
				GCC_NO_COMMON_BLOCKS = YES;
				GCC_OPTIMIZATION_LEVEL = 0;
				GCC_PREPROCESSOR_DEFINITIONS = (
					"DEBUG=1",
					"$(inherited)",
				);
				GCC_WARN_64_TO_32_BIT_CONVERSION = YES;
				GCC_WARN_ABOUT_RETURN_TYPE = YES_ERROR;
				GCC_WARN_UNDECLARED_SELECTOR = YES;
				GCC_WARN_UNINITIALIZED_AUTOS = YES_AGGRESSIVE;
				GCC_WARN_UNUSED_FUNCTION = YES;
				GCC_WARN_UNUSED_VARIABLE = YES;
				IPHONEOS_DEPLOYMENT_TARGET = 17.4;
				LOCALIZATION_PREFERS_STRING_CATALOGS = YES;
				MTL_ENABLE_DEBUG_INFO = INCLUDE_SOURCE;
				MTL_FAST_MATH = YES;
				ONLY_ACTIVE_ARCH = YES;
				SDKROOT = iphoneos;
				SWIFT_ACTIVE_COMPILATION_CONDITIONS = "DEBUG $(inherited)";
				SWIFT_OPTIMIZATION_LEVEL = "-Onone";
			};
			name = Debug;
		};
		54CA954B2BE040B900E8C788 /* Release */ = {
			isa = XCBuildConfiguration;
			buildSettings = {
				ALWAYS_SEARCH_USER_PATHS = NO;
				ASSETCATALOG_COMPILER_GENERATE_SWIFT_ASSET_SYMBOL_EXTENSIONS = YES;
				CLANG_ANALYZER_NONNULL = YES;
				CLANG_ANALYZER_NUMBER_OBJECT_CONVERSION = YES_AGGRESSIVE;
				CLANG_CXX_LANGUAGE_STANDARD = "gnu++20";
				CLANG_ENABLE_MODULES = YES;
				CLANG_ENABLE_OBJC_ARC = YES;
				CLANG_ENABLE_OBJC_WEAK = YES;
				CLANG_WARN_BLOCK_CAPTURE_AUTORELEASING = YES;
				CLANG_WARN_BOOL_CONVERSION = YES;
				CLANG_WARN_COMMA = YES;
				CLANG_WARN_CONSTANT_CONVERSION = YES;
				CLANG_WARN_DEPRECATED_OBJC_IMPLEMENTATIONS = YES;
				CLANG_WARN_DIRECT_OBJC_ISA_USAGE = YES_ERROR;
				CLANG_WARN_DOCUMENTATION_COMMENTS = YES;
				CLANG_WARN_EMPTY_BODY = YES;
				CLANG_WARN_ENUM_CONVERSION = YES;
				CLANG_WARN_INFINITE_RECURSION = YES;
				CLANG_WARN_INT_CONVERSION = YES;
				CLANG_WARN_NON_LITERAL_NULL_CONVERSION = YES;
				CLANG_WARN_OBJC_IMPLICIT_RETAIN_SELF = YES;
				CLANG_WARN_OBJC_LITERAL_CONVERSION = YES;
				CLANG_WARN_OBJC_ROOT_CLASS = YES_ERROR;
				CLANG_WARN_QUOTED_INCLUDE_IN_FRAMEWORK_HEADER = YES;
				CLANG_WARN_RANGE_LOOP_ANALYSIS = YES;
				CLANG_WARN_STRICT_PROTOTYPES = YES;
				CLANG_WARN_SUSPICIOUS_MOVE = YES;
				CLANG_WARN_UNGUARDED_AVAILABILITY = YES_AGGRESSIVE;
				CLANG_WARN_UNREACHABLE_CODE = YES;
				CLANG_WARN__DUPLICATE_METHOD_MATCH = YES;
				COPY_PHASE_STRIP = NO;
				DEBUG_INFORMATION_FORMAT = "dwarf-with-dsym";
				ENABLE_NS_ASSERTIONS = NO;
				ENABLE_STRICT_OBJC_MSGSEND = YES;
				ENABLE_USER_SCRIPT_SANDBOXING = YES;
				GCC_C_LANGUAGE_STANDARD = gnu17;
				GCC_NO_COMMON_BLOCKS = YES;
				GCC_WARN_64_TO_32_BIT_CONVERSION = YES;
				GCC_WARN_ABOUT_RETURN_TYPE = YES_ERROR;
				GCC_WARN_UNDECLARED_SELECTOR = YES;
				GCC_WARN_UNINITIALIZED_AUTOS = YES_AGGRESSIVE;
				GCC_WARN_UNUSED_FUNCTION = YES;
				GCC_WARN_UNUSED_VARIABLE = YES;
				IPHONEOS_DEPLOYMENT_TARGET = 17.4;
				LOCALIZATION_PREFERS_STRING_CATALOGS = YES;
				MTL_ENABLE_DEBUG_INFO = NO;
				MTL_FAST_MATH = YES;
				SDKROOT = iphoneos;
				SWIFT_COMPILATION_MODE = wholemodule;
				VALIDATE_PRODUCT = YES;
			};
			name = Release;
		};
		54CA954D2BE040B900E8C788 /* Debug */ = {
			isa = XCBuildConfiguration;
			buildSettings = {
				ASSETCATALOG_COMPILER_APPICON_NAME = AppIcon;
				ASSETCATALOG_COMPILER_GLOBAL_ACCENT_COLOR_NAME = AccentColor;
				CODE_SIGN_STYLE = Automatic;
				CURRENT_PROJECT_VERSION = 1;
				DEVELOPMENT_ASSET_PATHS = "\"Memorize/Preview Content\"";
				DEVELOPMENT_TEAM = M5LX583LB8;
				ENABLE_PREVIEWS = YES;
				GENERATE_INFOPLIST_FILE = YES;
				INFOPLIST_KEY_UIApplicationSceneManifest_Generation = YES;
				INFOPLIST_KEY_UIApplicationSupportsIndirectInputEvents = YES;
				INFOPLIST_KEY_UILaunchScreen_Generation = YES;
				INFOPLIST_KEY_UISupportedInterfaceOrientations_iPad = "UIInterfaceOrientationPortrait UIInterfaceOrientationPortraitUpsideDown UIInterfaceOrientationLandscapeLeft UIInterfaceOrientationLandscapeRight";
				INFOPLIST_KEY_UISupportedInterfaceOrientations_iPhone = "UIInterfaceOrientationPortrait UIInterfaceOrientationLandscapeLeft UIInterfaceOrientationLandscapeRight";
				LD_RUNPATH_SEARCH_PATHS = (
					"$(inherited)",
					"@executable_path/Frameworks",
				);
				MARKETING_VERSION = 1.0;
				PRODUCT_BUNDLE_IDENTIFIER = com.maixiang.Memorize;
				PRODUCT_NAME = "$(TARGET_NAME)";
				SWIFT_EMIT_LOC_STRINGS = YES;
				SWIFT_VERSION = 5.0;
				TARGETED_DEVICE_FAMILY = "1,2";
			};
			name = Debug;
		};
		54CA954E2BE040B900E8C788 /* Release */ = {
			isa = XCBuildConfiguration;
			buildSettings = {
				ASSETCATALOG_COMPILER_APPICON_NAME = AppIcon;
				ASSETCATALOG_COMPILER_GLOBAL_ACCENT_COLOR_NAME = AccentColor;
				CODE_SIGN_STYLE = Automatic;
				CURRENT_PROJECT_VERSION = 1;
				DEVELOPMENT_ASSET_PATHS = "\"Memorize/Preview Content\"";
				DEVELOPMENT_TEAM = M5LX583LB8;
				ENABLE_PREVIEWS = YES;
				GENERATE_INFOPLIST_FILE = YES;
				INFOPLIST_KEY_UIApplicationSceneManifest_Generation = YES;
				INFOPLIST_KEY_UIApplicationSupportsIndirectInputEvents = YES;
				INFOPLIST_KEY_UILaunchScreen_Generation = YES;
				INFOPLIST_KEY_UISupportedInterfaceOrientations_iPad = "UIInterfaceOrientationPortrait UIInterfaceOrientationPortraitUpsideDown UIInterfaceOrientationLandscapeLeft UIInterfaceOrientationLandscapeRight";
				INFOPLIST_KEY_UISupportedInterfaceOrientations_iPhone = "UIInterfaceOrientationPortrait UIInterfaceOrientationLandscapeLeft UIInterfaceOrientationLandscapeRight";
				LD_RUNPATH_SEARCH_PATHS = (
					"$(inherited)",
					"@executable_path/Frameworks",
				);
				MARKETING_VERSION = 1.0;
				PRODUCT_BUNDLE_IDENTIFIER = com.maixiang.Memorize;
				PRODUCT_NAME = "$(TARGET_NAME)";
				SWIFT_EMIT_LOC_STRINGS = YES;
				SWIFT_VERSION = 5.0;
				TARGETED_DEVICE_FAMILY = "1,2";
			};
			name = Release;
		};
/* End XCBuildConfiguration section */

/* Begin XCConfigurationList section */
		54CA95392BE040B700E8C788 /* Build configuration list for PBXProject "Memorize" */ = {
			isa = XCConfigurationList;
			buildConfigurations = (
				54CA954A2BE040B900E8C788 /* Debug */,
				54CA954B2BE040B900E8C788 /* Release */,
			);
			defaultConfigurationIsVisible = 0;
			defaultConfigurationName = Release;
		};
		54CA954C2BE040B900E8C788 /* Build configuration list for PBXNativeTarget "Memorize" */ = {
			isa = XCConfigurationList;
			buildConfigurations = (
				54CA954D2BE040B900E8C788 /* Debug */,
				54CA954E2BE040B900E8C788 /* Release */,
			);
			defaultConfigurationIsVisible = 0;
			defaultConfigurationName = Release;
		};
/* End XCConfigurationList section */
	};
	rootObject = 54CA95362BE040B700E8C788 /* Project object */;
}
